// !$*UTF8*$!
{
	archiveVersion = 1;
	classes = {
	};
	objectVersion = 46;
	objects = {

/* Begin PBXBuildFile section */
		9386E5DD1C63188900D6D11A /* AppDelegate.swift in Sources */ = {isa = PBXBuildFile; fileRef = 9386E5DC1C63188900D6D11A /* AppDelegate.swift */; };
		9386E5DF1C63188900D6D11A /* ViewController.swift in Sources */ = {isa = PBXBuildFile; fileRef = 9386E5DE1C63188900D6D11A /* ViewController.swift */; };
		9386E5E21C63188900D6D11A /* Main.storyboard in Resources */ = {isa = PBXBuildFile; fileRef = 9386E5E01C63188900D6D11A /* Main.storyboard */; };
		9386E5E41C63188900D6D11A /* Assets.xcassets in Resources */ = {isa = PBXBuildFile; fileRef = 9386E5E31C63188900D6D11A /* Assets.xcassets */; };
		9386E5E71C63188900D6D11A /* LaunchScreen.storyboard in Resources */ = {isa = PBXBuildFile; fileRef = 9386E5E51C63188900D6D11A /* LaunchScreen.storyboard */; };
		9386E5EF1C63192300D6D11A /* Model.swift in Sources */ = {isa = PBXBuildFile; fileRef = 9386E5EE1C63192300D6D11A /* Model.swift */; };
		93E071F41C67B98A00778BAB /* WorkerTableViewCell.swift in Sources */ = {isa = PBXBuildFile; fileRef = 93E071F21C67B98A00778BAB /* WorkerTableViewCell.swift */; };
		93E071F51C67B98A00778BAB /* WorkerTableViewCell.xib in Resources */ = {isa = PBXBuildFile; fileRef = 93E071F31C67B98A00778BAB /* WorkerTableViewCell.xib */; };
/* End PBXBuildFile section */

/* Begin PBXFileReference section */
		9386E5D91C63188900D6D11A /* nesting tables.app */ = {isa = PBXFileReference; explicitFileType = wrapper.application; includeInIndex = 0; path = "nesting tables.app"; sourceTree = BUILT_PRODUCTS_DIR; };
		9386E5DC1C63188900D6D11A /* AppDelegate.swift */ = {isa = PBXFileReference; lastKnownFileType = sourcecode.swift; path = AppDelegate.swift; sourceTree = "<group>"; };
		9386E5DE1C63188900D6D11A /* ViewController.swift */ = {isa = PBXFileReference; lastKnownFileType = sourcecode.swift; path = ViewController.swift; sourceTree = "<group>"; };
		9386E5E11C63188900D6D11A /* Base */ = {isa = PBXFileReference; lastKnownFileType = file.storyboard; name = Base; path = Base.lproj/Main.storyboard; sourceTree = "<group>"; };
		9386E5E31C63188900D6D11A /* Assets.xcassets */ = {isa = PBXFileReference; lastKnownFileType = folder.assetcatalog; path = Assets.xcassets; sourceTree = "<group>"; };
		9386E5E61C63188900D6D11A /* Base */ = {isa = PBXFileReference; lastKnownFileType = file.storyboard; name = Base; path = Base.lproj/LaunchScreen.storyboard; sourceTree = "<group>"; };
		9386E5E81C63188900D6D11A /* Info.plist */ = {isa = PBXFileReference; lastKnownFileType = text.plist.xml; path = Info.plist; sourceTree = "<group>"; };
		9386E5EE1C63192300D6D11A /* Model.swift */ = {isa = PBXFileReference; fileEncoding = 4; lastKnownFileType = sourcecode.swift; path = Model.swift; sourceTree = "<group>"; };
		93E071F21C67B98A00778BAB /* WorkerTableViewCell.swift */ = {isa = PBXFileReference; fileEncoding = 4; lastKnownFileType = sourcecode.swift; name = WorkerTableViewCell.swift; path = Views/WorkerTableViewCell.swift; sourceTree = "<group>"; };
		93E071F31C67B98A00778BAB /* WorkerTableViewCell.xib */ = {isa = PBXFileReference; fileEncoding = 4; lastKnownFileType = file.xib; name = WorkerTableViewCell.xib; path = Views/WorkerTableViewCell.xib; sourceTree = "<group>"; };
/* End PBXFileReference section */

/* Begin PBXFrameworksBuildPhase section */
		9386E5D61C63188900D6D11A /* Frameworks */ = {
			isa = PBXFrameworksBuildPhase;
			buildActionMask = 2147483647;
			files = (
			);
			runOnlyForDeploymentPostprocessing = 0;
		};
/* End PBXFrameworksBuildPhase section */

/* Begin PBXGroup section */
		9386E5D01C63188900D6D11A = {
			isa = PBXGroup;
			children = (
				9386E5DB1C63188900D6D11A /* nesting tables */,
				9386E5DA1C63188900D6D11A /* Products */,
			);
			sourceTree = "<group>";
		};
		9386E5DA1C63188900D6D11A /* Products */ = {
			isa = PBXGroup;
			children = (
				9386E5D91C63188900D6D11A /* nesting tables.app */,
			);
			name = Products;
			sourceTree = "<group>";
		};
		9386E5DB1C63188900D6D11A /* nesting tables */ = {
			isa = PBXGroup;
			children = (
				9386E5DC1C63188900D6D11A /* AppDelegate.swift */,
				9386E5DE1C63188900D6D11A /* ViewController.swift */,
				9386E5E01C63188900D6D11A /* Main.storyboard */,
				93E071F21C67B98A00778BAB /* WorkerTableViewCell.swift */,
				93E071F31C67B98A00778BAB /* WorkerTableViewCell.xib */,
				9386E5EE1C63192300D6D11A /* Model.swift */,
				9386E5E31C63188900D6D11A /* Assets.xcassets */,
				9386E5E51C63188900D6D11A /* LaunchScreen.storyboard */,
				9386E5E81C63188900D6D11A /* Info.plist */,
			);
			path = "nesting tables";
			sourceTree = "<group>";
		};
/* End PBXGroup section */

/* Begin PBXNativeTarget section */
		9386E5D81C63188900D6D11A /* nesting tables */ = {
			isa = PBXNativeTarget;
			buildConfigurationList = 9386E5EB1C63188900D6D11A /* Build configuration list for PBXNativeTarget "nesting tables" */;
			buildPhases = (
				9386E5D51C63188900D6D11A /* Sources */,
				9386E5D61C63188900D6D11A /* Frameworks */,
				9386E5D71C63188900D6D11A /* Resources */,
			);
			buildRules = (
			);
			dependencies = (
			);
			name = "nesting tables";
			productName = "nesting tables";
			productReference = 9386E5D91C63188900D6D11A /* nesting tables.app */;
			productType = "com.apple.product-type.application";
		};
/* End PBXNativeTarget section */

/* Begin PBXProject section */
		9386E5D11C63188900D6D11A /* Project object */ = {
			isa = PBXProject;
			attributes = {
				LastSwiftUpdateCheck = 0720;
				LastUpgradeCheck = 0720;
				ORGANIZATIONNAME = "Taphouse Software";
				TargetAttributes = {
					9386E5D81C63188900D6D11A = {
						CreatedOnToolsVersion = 7.2;
					};
				};
			};
			buildConfigurationList = 9386E5D41C63188900D6D11A /* Build configuration list for PBXProject "nesting tables" */;
			compatibilityVersion = "Xcode 3.2";
			developmentRegion = English;
			hasScannedForEncodings = 0;
			knownRegions = (
				en,
				Base,
			);
			mainGroup = 9386E5D01C63188900D6D11A;
			productRefGroup = 9386E5DA1C63188900D6D11A /* Products */;
			projectDirPath = "";
			projectRoot = "";
			targets = (
				9386E5D81C63188900D6D11A /* nesting tables */,
			);
		};
/* End PBXProject section */

/* Begin PBXResourcesBuildPhase section */
		9386E5D71C63188900D6D11A /* Resources */ = {
			isa = PBXResourcesBuildPhase;
			buildActionMask = 2147483647;
			files = (
				9386E5E71C63188900D6D11A /* LaunchScreen.storyboard in Resources */,
				93E071F51C67B98A00778BAB /* WorkerTableViewCell.xib in Resources */,
				9386E5E41C63188900D6D11A /* Assets.xcassets in Resources */,
				9386E5E21C63188900D6D11A /* Main.storyboard in Resources */,
			);
			runOnlyForDeploymentPostprocessing = 0;
		};
/* End PBXResourcesBuildPhase section */

/* Begin PBXSourcesBuildPhase section */
		9386E5D51C63188900D6D11A /* Sources */ = {
			isa = PBXSourcesBuildPhase;
			buildActionMask = 2147483647;
			files = (
				9386E5EF1C63192300D6D11A /* Model.swift in Sources */,
				93E071F41C67B98A00778BAB /* WorkerTableViewCell.swift in Sources */,
				9386E5DF1C63188900D6D11A /* ViewController.swift in Sources */,
				9386E5DD1C63188900D6D11A /* AppDelegate.swift in Sources */,
			);
			runOnlyForDeploymentPostprocessing = 0;
		};
/* End PBXSourcesBuildPhase section */

/* Begin PBXVariantGroup section */
		9386E5E01C63188900D6D11A /* Main.storyboard */ = {
			isa = PBXVariantGroup;
			children = (
				9386E5E11C63188900D6D11A /* Base */,
			);
			name = Main.storyboard;
			sourceTree = "<group>";
		};
		9386E5E51C63188900D6D11A /* LaunchScreen.storyboard */ = {
			isa = PBXVariantGroup;
			children = (
				9386E5E61C63188900D6D11A /* Base */,
			);
			name = LaunchScreen.storyboard;
			sourceTree = "<group>";
		};
/* End PBXVariantGroup section */

/* Begin XCBuildConfiguration section */
		9386E5E91C63188900D6D11A /* Debug */ = {
			isa = XCBuildConfiguration;
			buildSettings = {
				ALWAYS_SEARCH_USER_PATHS = NO;
				CLANG_CXX_LANGUAGE_STANDARD = "gnu++0x";
				CLANG_CXX_LIBRARY = "libc++";
				CLANG_ENABLE_MODULES = YES;
				CLANG_ENABLE_OBJC_ARC = YES;
				CLANG_WARN_BOOL_CONVERSION = YES;
				CLANG_WARN_CONSTANT_CONVERSION = YES;
				CLANG_WARN_DIRECT_OBJC_ISA_USAGE = YES_ERROR;
				CLANG_WARN_EMPTY_BODY = YES;
				CLANG_WARN_ENUM_CONVERSION = YES;
				CLANG_WARN_INT_CONVERSION = YES;
				CLANG_WARN_OBJC_ROOT_CLASS = YES_ERROR;
				CLANG_WARN_UNREACHABLE_CODE = YES;
				CLANG_WARN__DUPLICATE_METHOD_MATCH = YES;
				"CODE_SIGN_IDENTITY[sdk=iphoneos*]" = "iPhone Developer";
				COPY_PHASE_STRIP = NO;
				DEBUG_INFORMATION_FORMAT = dwarf;
				ENABLE_STRICT_OBJC_MSGSEND = YES;
				ENABLE_TESTABILITY = YES;
				GCC_C_LANGUAGE_STANDARD = gnu99;
				GCC_DYNAMIC_NO_PIC = NO;
				GCC_NO_COMMON_BLOCKS = YES;
				GCC_OPTIMIZATION_LEVEL = 0;
				GCC_PREPROCESSOR_DEFINITIONS = (
					"DEBUG=1",
					"$(inherited)",
				);
				GCC_WARN_64_TO_32_BIT_CONVERSION = YES;
				GCC_WARN_ABOUT_RETURN_TYPE = YES_ERROR;
				GCC_WARN_UNDECLARED_SELECTOR = YES;
				GCC_WARN_UNINITIALIZED_AUTOS = YES_AGGRESSIVE;
				GCC_WARN_UNUSED_FUNCTION = YES;
				GCC_WARN_UNUSED_VARIABLE = YES;
				IPHONEOS_DEPLOYMENT_TARGET = 9.2;
				MTL_ENABLE_DEBUG_INFO = YES;
				ONLY_ACTIVE_ARCH = YES;
				SDKROOT = iphoneos;
				SWIFT_OPTIMIZATION_LEVEL = "-Onone";
				TARGETED_DEVICE_FAMILY = "1,2";
			};
			name = Debug;
		};
		9386E5EA1C63188900D6D11A /* Release */ = {
			isa = XCBuildConfiguration;
			buildSettings = {
				ALWAYS_SEARCH_USER_PATHS = NO;
				CLANG_CXX_LANGUAGE_STANDARD = "gnu++0x";
				CLANG_CXX_LIBRARY = "libc++";
				CLANG_ENABLE_MODULES = YES;
				CLANG_ENABLE_OBJC_ARC = YES;
				CLANG_WARN_BOOL_CONVERSION = YES;
				CLANG_WARN_CONSTANT_CONVERSION = YES;
				CLANG_WARN_DIRECT_OBJC_ISA_USAGE = YES_ERROR;
				CLANG_WARN_EMPTY_BODY = YES;
				CLANG_WARN_ENUM_CONVERSION = YES;
				CLANG_WARN_INT_CONVERSION = YES;
				CLANG_WARN_OBJC_ROOT_CLASS = YES_ERROR;
				CLANG_WARN_UNREACHABLE_CODE = YES;
				CLANG_WARN__DUPLICATE_METHOD_MATCH = YES;
				"CODE_SIGN_IDENTITY[sdk=iphoneos*]" = "iPhone Developer";
				COPY_PHASE_STRIP = NO;
				DEBUG_INFORMATION_FORMAT = "dwarf-with-dsym";
				ENABLE_NS_ASSERTIONS = NO;
				ENABLE_STRICT_OBJC_MSGSEND = YES;
				GCC_C_LANGUAGE_STANDARD = gnu99;
				GCC_NO_COMMON_BLOCKS = YES;
				GCC_WARN_64_TO_32_BIT_CONVERSION = YES;
				GCC_WARN_ABOUT_RETURN_TYPE = YES_ERROR;
				GCC_WARN_UNDECLARED_SELECTOR = YES;
				GCC_WARN_UNINITIALIZED_AUTOS = YES_AGGRESSIVE;
				GCC_WARN_UNUSED_FUNCTION = YES;
				GCC_WARN_UNUSED_VARIABLE = YES;
				IPHONEOS_DEPLOYMENT_TARGET = 9.2;
				MTL_ENABLE_DEBUG_INFO = NO;
				SDKROOT = iphoneos;
				TARGETED_DEVICE_FAMILY = "1,2";
				VALIDATE_PRODUCT = YES;
			};
			name = Release;
		};
		9386E5EC1C63188900D6D11A /* Debug */ = {
			isa = XCBuildConfiguration;
			buildSettings = {
				ASSETCATALOG_COMPILER_APPICON_NAME = AppIcon;
				INFOPLIST_FILE = "nesting tables/Info.plist";
				LD_RUNPATH_SEARCH_PATHS = "$(inherited) @executable_path/Frameworks";
				PRODUCT_BUNDLE_IDENTIFIER = "io.taphouse.nesting-tables";
				PRODUCT_NAME = "$(TARGET_NAME)";
			};
			name = Debug;
		};
		9386E5ED1C63188900D6D11A /* Release */ = {
			isa = XCBuildConfiguration;
			buildSettings = {
				ASSETCATALOG_COMPILER_APPICON_NAME = AppIcon;
				INFOPLIST_FILE = "nesting tables/Info.plist";
				LD_RUNPATH_SEARCH_PATHS = "$(inherited) @executable_path/Frameworks";
				PRODUCT_BUNDLE_IDENTIFIER = "io.taphouse.nesting-tables";
				PRODUCT_NAME = "$(TARGET_NAME)";
			};
			name = Release;
		};
/* End XCBuildConfiguration section */

/* Begin XCConfigurationList section */
		9386E5D41C63188900D6D11A /* Build configuration list for PBXProject "nesting tables" */ = {
			isa = XCConfigurationList;
			buildConfigurations = (
				9386E5E91C63188900D6D11A /* Debug */,
				9386E5EA1C63188900D6D11A /* Release */,
			);
			defaultConfigurationIsVisible = 0;
			defaultConfigurationName = Release;
		};
		9386E5EB1C63188900D6D11A /* Build configuration list for PBXNativeTarget "nesting tables" */ = {
			isa = XCConfigurationList;
			buildConfigurations = (
				9386E5EC1C63188900D6D11A /* Debug */,
				9386E5ED1C63188900D6D11A /* Release */,
			);
			defaultConfigurationIsVisible = 0;
			defaultConfigurationName = Release;
		};
/* End XCConfigurationList section */
	};
	rootObject = 9386E5D11C63188900D6D11A /* Project object */;
}
